
Microsoft Visual Studio Solution File, Format Version 12.00
# Visual Studio Version 17
VisualStudioVersion = 17.7.34024.191
MinimumVisualStudioVersion = 10.0.40219.1
Project("{FAE04EC0-301F-11D3-BF4B-00C04F79EFBC}") = "WPFApp", "WPFApp\WPFApp.csproj", "{19207B9D-688E-4910-B6EC-E7EFE03C6260}"
EndProject
Global
	GlobalSection(SolutionConfigurationPlatforms) = preSolution
		Debug|Any CPU = Debug|Any CPU
		Release|Any CPU = Release|Any CPU
	EndGlobalSection
	GlobalSection(ProjectConfigurationPlatforms) = postSolution
		{19207B9D-688E-4910-B6EC-E7EFE03C6260}.Debug|Any CPU.ActiveCfg = Debug|Any CPU
		{19207B9D-688E-4910-B6EC-E7EFE03C6260}.Debug|Any CPU.Build.0 = Debug|Any CPU
		{19207B9D-688E-4910-B6EC-E7EFE03C6260}.Release|Any CPU.ActiveCfg = Release|Any CPU
		{19207B9D-688E-4910-B6EC-E7EFE03C6260}.Release|Any CPU.Build.0 = Release|Any CPU
	EndGlobalSection
	GlobalSection(SolutionProperties) = preSolution
		HideSolutionNode = FALSE
	EndGlobalSection
	GlobalSection(ExtensibilityGlobals) = postSolution
		SolutionGuid = {AFC4972F-737F-483E-B7FB-0CEE1155CEE7}
	EndGlobalSection
EndGlobal
